
Microsoft Visual Studio Solution File, Format Version 12.00
# Visual Studio Version 17
VisualStudioVersion = 17.8.34330.188
MinimumVisualStudioVersion = 10.0.40219.1
Project("{FAE04EC0-301F-11D3-BF4B-00C04F79EFBC}") = "ConsoleApp2", "ConsoleApp2\ConsoleApp2.csproj", "{E8D6E46F-81FD-4D91-8D3C-2CF835FF134D}"
EndProject
Global
	GlobalSection(SolutionConfigurationPlatforms) = preSolution
		Debug|Any CPU = Debug|Any CPU
		Release|Any CPU = Release|Any CPU
	EndGlobalSection
	GlobalSection(ProjectConfigurationPlatforms) = postSolution
		{E8D6E46F-81FD-4D91-8D3C-2CF835FF134D}.Debug|Any CPU.ActiveCfg = Debug|Any CPU
		{E8D6E46F-81FD-4D91-8D3C-2CF835FF134D}.Debug|Any CPU.Build.0 = Debug|Any CPU
		{E8D6E46F-81FD-4D91-8D3C-2CF835FF134D}.Release|Any CPU.ActiveCfg = Release|Any CPU
		{E8D6E46F-81FD-4D91-8D3C-2CF835FF134D}.Release|Any CPU.Build.0 = Release|Any CPU
	EndGlobalSection
	GlobalSection(SolutionProperties) = preSolution
		HideSolutionNode = FALSE
	EndGlobalSection
	GlobalSection(ExtensibilityGlobals) = postSolution
		SolutionGuid = {9B548388-1CE9-4E2A-82B8-26463E41EA81}
	EndGlobalSection
EndGlobal
